{
  "originHash" : "e8f130fe30ac6cdc940ef06ee1e8535e9f46ffee6aeead1722b9525562f6ce08",
  "pins" : [
    {
      "identity" : "alamofire",
      "kind" : "remoteSourceControl",
      "location" : "https://github.com/Alamofire/Alamofire.git",
      "state" : {
        "revision" : "354dda32d89fc8cd4f5c46487f64957d355f53d8",
        "version" : "5.6.1"
      }
    }
  ],
  "version" : 3
}
